<?xml version="1.0" encoding="utf-8"?>
<Project ToolsVersion="4.0" xmlns="http://schemas.microsoft.com/developer/msbuild/2003">
  <ItemGroup>
    <Filter Include="소스 파일">
      <UniqueIdentifier>{4FC737F1-C7A5-4376-A066-2A32D752A2FF}</UniqueIdentifier>
      <Extensions>cpp;c;cc;cxx;def;odl;idl;hpj;bat;asm;asmx</Extensions>
    </Filter>
    <Filter Include="헤더 파일">
      <UniqueIdentifier>{93995380-89BD-4b04-88EB-625FBE52EBFB}</UniqueIdentifier>
      <Extensions>h;hh;hpp;hxx;hm;inl;inc;ipp;xsd</Extensions>
    </Filter>
    <Filter Include="리소스 파일">
      <UniqueIdentifier>{67DA6AB6-F800-4c08-8B7A-83BB121AAD01}</UniqueIdentifier>
      <Extensions>rc;ico;cur;bmp;dlg;rc2;rct;bin;rgs;gif;jpg;jpeg;jpe;resx;tiff;tif;png;wav;mfcribbon-ms</Extensions>
    </Filter>
  </ItemGroup>
  <ItemGroup>
    <ClCompile Include="main.cpp">
      <Filter>소스 파일</Filter>
    </ClCompile>
    <ClCompile Include="dezero\variable.cpp">
      <Filter>소스 파일</Filter>
    </ClCompile>
    <ClCompile Include="dezero\function.cpp">
      <Filter>소스 파일</Filter>
    </ClCompile>
    <ClCompile Include="dezero\utils.cpp">
      <Filter>소스 파일</Filter>
    </ClCompile>
    <ClCompile Include="dezero\sp_variable.cpp">
      <Filter>소스 파일</Filter>
    </ClCompile>
    <ClCompile Include="dezero\layer.cpp">
      <Filter>소스 파일</Filter>
    </ClCompile>
    <ClCompile Include="dezero\model.cpp">
      <Filter>소스 파일</Filter>
    </ClCompile>
    <ClCompile Include="dezero\optimizer.cpp">
      <Filter>소스 파일</Filter>
    </ClCompile>
    <ClCompile Include="dezero\optimizer\optimizers.cpp">
      <Filter>소스 파일</Filter>
    </ClCompile>
    <ClCompile Include="dezero\op_function\op_function.cpp">
      <Filter>소스 파일</Filter>
    </ClCompile>
    <ClCompile Include="dezero\dataloaders.cpp">
      <Filter>소스 파일</Filter>
    </ClCompile>
    <ClCompile Include="dezero\function_set.cpp">
      <Filter>소스 파일</Filter>
    </ClCompile>
  </ItemGroup>
  <ItemGroup>
    <ClInclude Include="dezero\variable.hpp">
      <Filter>헤더 파일</Filter>
    </ClInclude>
    <ClInclude Include="dezero\function.hpp">
      <Filter>헤더 파일</Filter>
    </ClInclude>
    <ClInclude Include="dezero\common.hpp">
      <Filter>헤더 파일</Filter>
    </ClInclude>
    <ClInclude Include="dezero\op_function\add.hpp">
      <Filter>헤더 파일</Filter>
    </ClInclude>
    <ClInclude Include="dezero\function_set.hpp">
      <Filter>헤더 파일</Filter>
    </ClInclude>
    <ClInclude Include="dezero\local_exception.hpp">
      <Filter>헤더 파일</Filter>
    </ClInclude>
    <ClInclude Include="dezero\op_function\mul.hpp">
      <Filter>헤더 파일</Filter>
    </ClInclude>
    <ClInclude Include="dezero\op_function\div.hpp">
      <Filter>헤더 파일</Filter>
    </ClInclude>
    <ClInclude Include="dezero\op_function\neg.hpp">
      <Filter>헤더 파일</Filter>
    </ClInclude>
    <ClInclude Include="dezero\op_function\pow.hpp">
      <Filter>헤더 파일</Filter>
    </ClInclude>
    <ClInclude Include="dezero\op_function\sub.hpp">
      <Filter>헤더 파일</Filter>
    </ClInclude>
    <ClInclude Include="dezero\common_const.hpp">
      <Filter>헤더 파일</Filter>
    </ClInclude>
    <ClInclude Include="dezero\op_function\sin.hpp">
      <Filter>헤더 파일</Filter>
    </ClInclude>
    <ClInclude Include="dezero\op_function\cos.hpp">
      <Filter>헤더 파일</Filter>
    </ClInclude>
    <ClInclude Include="dezero\op_function\tanh.hpp">
      <Filter>헤더 파일</Filter>
    </ClInclude>
    <ClInclude Include="dezero\op_function\reshape.hpp">
      <Filter>헤더 파일</Filter>
    </ClInclude>
    <ClInclude Include="dezero\op_function\transpose.hpp">
      <Filter>헤더 파일</Filter>
    </ClInclude>
    <ClInclude Include="dezero\op_function\broadcast_to.hpp">
      <Filter>헤더 파일</Filter>
    </ClInclude>
    <ClInclude Include="dezero\op_function\sum_to.hpp">
      <Filter>헤더 파일</Filter>
    </ClInclude>
    <ClInclude Include="dezero\utils.hpp">
      <Filter>헤더 파일</Filter>
    </ClInclude>
    <ClInclude Include="dezero\op_function\sum.hpp">
      <Filter>헤더 파일</Filter>
    </ClInclude>
    <ClInclude Include="dezero\op_function\matmul.hpp">
      <Filter>헤더 파일</Filter>
    </ClInclude>
    <ClInclude Include="dezero\sp_variable.hpp">
      <Filter>헤더 파일</Filter>
    </ClInclude>
    <ClInclude Include="dezero\op_function\mean_squared_error.hpp">
      <Filter>헤더 파일</Filter>
    </ClInclude>
    <ClInclude Include="dezero\op_function\linear.hpp">
      <Filter>헤더 파일</Filter>
    </ClInclude>
    <ClInclude Include="dezero\op_function\exp.hpp">
      <Filter>헤더 파일</Filter>
    </ClInclude>
    <ClInclude Include="dezero\op_function\sigmoid.hpp">
      <Filter>헤더 파일</Filter>
    </ClInclude>
    <ClInclude Include="dezero\layer.hpp">
      <Filter>헤더 파일</Filter>
    </ClInclude>
    <ClInclude Include="dezero\layer\linear_layer.hpp">
      <Filter>헤더 파일</Filter>
    </ClInclude>
    <ClInclude Include="dezero\model.hpp">
      <Filter>헤더 파일</Filter>
    </ClInclude>
    <ClInclude Include="dezero\model\mlp.hpp">
      <Filter>헤더 파일</Filter>
    </ClInclude>
    <ClInclude Include="dezero\optimizer.hpp">
      <Filter>헤더 파일</Filter>
    </ClInclude>
    <ClInclude Include="dezero\optimizer\sgd.hpp">
      <Filter>헤더 파일</Filter>
    </ClInclude>
    <ClInclude Include="dezero\optimizer\momentum_sgd.hpp">
      <Filter>헤더 파일</Filter>
    </ClInclude>
    <ClInclude Include="dezero\optimizer\adagrad.hpp">
      <Filter>헤더 파일</Filter>
    </ClInclude>
    <ClInclude Include="dezero\optimizer\adadelta.hpp">
      <Filter>헤더 파일</Filter>
    </ClInclude>
    <ClInclude Include="dezero\optimizer\adam.hpp">
      <Filter>헤더 파일</Filter>
    </ClInclude>
    <ClInclude Include="dezero\op_function\get_item_grad.hpp">
      <Filter>헤더 파일</Filter>
    </ClInclude>
    <ClInclude Include="dezero\op_function\get_item.hpp">
      <Filter>헤더 파일</Filter>
    </ClInclude>
    <ClInclude Include="dezero\op_function\softmax.hpp">
      <Filter>헤더 파일</Filter>
    </ClInclude>
    <ClInclude Include="dezero\op_function\softmax_cross_entropy.hpp">
      <Filter>헤더 파일</Filter>
    </ClInclude>
    <ClInclude Include="dezero\op_function\relu.hpp">
      <Filter>헤더 파일</Filter>
    </ClInclude>
    <ClInclude Include="dezero\op_function\clip.hpp">
      <Filter>헤더 파일</Filter>
    </ClInclude>
    <ClInclude Include="dezero\datasets.hpp">
      <Filter>헤더 파일</Filter>
    </ClInclude>
    <ClInclude Include="dezero\transforms.hpp">
      <Filter>헤더 파일</Filter>
    </ClInclude>
    <ClInclude Include="dezero\dataloaders.hpp">
      <Filter>헤더 파일</Filter>
    </ClInclude>
    <ClInclude Include="dezero\transform\half_scale.hpp">
      <Filter>헤더 파일</Filter>
    </ClInclude>
    <ClInclude Include="dezero\transform\flatten.hpp">
      <Filter>헤더 파일</Filter>
    </ClInclude>
    <ClInclude Include="dezero\transform\normalize.hpp">
      <Filter>헤더 파일</Filter>
    </ClInclude>
    <ClInclude Include="dezero\dataset\spiral.hpp">
      <Filter>헤더 파일</Filter>
    </ClInclude>
    <ClInclude Include="dezero\dataset\mnist.hpp">
      <Filter>헤더 파일</Filter>
    </ClInclude>
    <ClInclude Include="dezero\time_check.hpp">
      <Filter>헤더 파일</Filter>
    </ClInclude>
  </ItemGroup>
</Project>